%{"amqp": {:git, "git://github.com/cthulhuology/Amqp.git", "cf97ca379e530ddbaa9bba30cb40ae714e9c6818", []},
  "amqp_client": {:git, "git://github.com/jbrisbin/amqp_client.git", "2b8c2c5a3b647fc4b4733978046305acde611a43", []},
  "cowboy": {:git, "git://github.com/extend/cowboy.git", "7a808e0aa3e764d923da74e18f76790936d19a35", []},
  "cowlib": {:git, "git://github.com/extend/cowlib.git", "f58340a0044856bb508df03cfe94cf79308380a2", [ref: "0.6.1"]},
  "decimal": {:package, "0.2.1"},
  "dynamo": {:git, "git://github.com/dynamo/dynamo.git", "3c28f27603a480d2755a89aba3a91e88df3469ce", []},
  "ecto": {:package, "0.2.0"},
  "edown": {:git, "https://github.com/esl/edown.git", "3a738bf6d4f027eac100b3a43e36e3375fc56da8", [ref: "master"]},
  "exjson": {:package, "0.3.0"},
  "exlager": {:git, "git://github.com/khia/exlager.git", "99eb3fb763ae546edfe2ac3dd181987a4872dfcc", []},
  "exrabbit": {:git, "git://github.com/d0rc/exrabbit.git", "b59f5b5a01daca1c0407a5fda269788d43cfdf3f", []},
  "goldrush": {:git, "git://github.com/DeadZen/goldrush.git", "71e63212f12c25827e0c1b4198d37d5d018a7fec", [tag: "0.1.6"]},
  "hackney": {:git, "git://github.com/benoitc/hackney.git", "7f2a0b5996313d930277786e7ff5d538e9346547", [tag: "0.10.1"]},
  "hackney_lib": {:git, "https://github.com/benoitc/hackney_lib.git", "eecdb481f1d38bfb194896bffdf9bdcdd967ae96", [tag: "0.2.2"]},
  "iso8601": {:git, "git://github.com/seansawyer/erlang_iso8601.git", "7b5015419774d7b27f37c088d5a33d23ec84acc4", [tag: "1.1.1"]},
  "jazz": {:git, "git://github.com/meh/jazz.git", "a02aa91ece89416e20762c3cb82e76766018dc77", []},
  "jsex": {:git, "git://github.com/talentdeficit/jsex.git", "1773c541f63d45f251ec111600079e796450fa04", []},
  "json": {:git, "git://github.com/cblage/elixir-json.git", "725ea02b992aba35c18d0e9c7c3da54689670baf", []},
  "jsx": {:package, "2.0.4"},
  "lager": {:git, "https://github.com/basho/lager.git", "4d8291edb72a25ac0efde907e2ecaa115108ff90", []},
  "mime": {:git, "git://github.com/dynamo/mime.git", "a13f7b071fdc6146c162300c9ab5025f1c23e98b", []},
  "mimetypes": {:git, "git://github.com/spawngrid/mimetypes.git", "47d37a977a7d633199822bf6b08353007483d00f", [ref: "master"]},
  "poolboy": {:package, "1.2.1"},
  "postgrex": {:package, "0.5.1"},
  "proper": {:git, "https://github.com/manopapad/proper.git", "ca96110cb0bbbf31fbc7563e0424b2f2daafd156", [tag: "v1.0"]},
  "rabbit_common": {:git, "git://github.com/jbrisbin/rabbit_common.git", "99f27775da2e1763c723e41f8b9ca0a68b24ed19", [tag: "rabbitmq-3.0.2"]},
  "ranch": {:git, "git://github.com/extend/ranch.git", "5df1f222f94e08abdcab7084f5e13027143cc222", [ref: "0.9.0"]},
  "tempo": {:git, "git://github.com/selectel/tempo.git", "1e30b2e017e3050ef11bfa163574f1bd7d32810e", []},
  "timex": {:git, "git://github.com/bitwalker/timex.git", "9e5a968b19de778db36265f18c22027ccd684916", []},
  "tirexs": {:git, "git://github.com/manastech/tirexs.git", "6728a029b8cdc1500e3e7b3b191386053e3b5b30", [branch: "master"]},
  "uuid": {:git, "git://github.com/avtobiff/erlang-uuid.git", "9cfe9666f1787d27550495c9c9cfa0297d861252", []}}
