%{"amqp": {:git, "git://github.com/cthulhuology/Amqp.git", "cf97ca379e530ddbaa9bba30cb40ae714e9c6818", []},
  "amqp_client": {:git, "git://github.com/jbrisbin/amqp_client.git", "2b8c2c5a3b647fc4b4733978046305acde611a43", []},
  "cowboy": {:git, "git://github.com/extend/cowboy.git", "239e5e0ba7f413642aca3cf2735f0709a643fb8e", []},
  "cowlib": {:git, "git://github.com/extend/cowlib.git", "0d4ece08a7cce90a07cf33d4edad29bc324c7d90", [ref: "0.5.1"]},
  "decimal": {:package, "0.2.0"},
  "dynamo": {:git, "git://github.com/elixir-lang/dynamo.git", "0e6d2eaf54959ba0b71bf36a9746a854a5133824", []},
  "ecto": {:package, "0.1.0"},
  "exjson": {:package, "0.3.0"},
  "exlager": {:git, "git://github.com/khia/exlager.git", "d3d73b2a3d0f7b8f3da11a02b5f9384da6c62110", []},
  "exrabbit": {:git, "git://github.com/d0rc/exrabbit.git", "76e9902a8fc17b1ae737d4dc47abe98c45e2edd1", []},
  "goldrush": {:git, "git://github.com/DeadZen/goldrush.git", "71e63212f12c25827e0c1b4198d37d5d018a7fec", [tag: "0.1.6"]},
  "hackney": {:git, "git://github.com/benoitc/hackney.git", "7f2a0b5996313d930277786e7ff5d538e9346547", [tag: "0.10.1"]},
  "hackney_lib": {:git, "https://github.com/benoitc/hackney_lib.git", "eecdb481f1d38bfb194896bffdf9bdcdd967ae96", [tag: "0.2.2"]},
  "jazz": {:git, "git://github.com/meh/jazz.git", "3390472ca199328854c1f4401c588e9688072095", []},
  "jsex": {:package, "2.0.0"},
  "json": {:git, "git://github.com/cblage/elixir-json.git", "725ea02b992aba35c18d0e9c7c3da54689670baf", []},
  "jsx": {:package, "2.0.2"},
  "lager": {:git, "https://github.com/basho/lager.git", "4d8291edb72a25ac0efde907e2ecaa115108ff90", []},
  "mime": {:git, "git://github.com/dynamo/mime.git", "db84370c53a67a7e58a4d0cfb026f4edc64a9367", []},
  "mimetypes": {:git, "git://github.com/spawngrid/mimetypes.git", "47d37a977a7d633199822bf6b08353007483d00f", [ref: "master"]},
  "poolboy": {:package, "1.2.1"},
  "postgrex": {:package, "0.5.0"},
  "rabbit_common": {:git, "git://github.com/jbrisbin/rabbit_common.git", "99f27775da2e1763c723e41f8b9ca0a68b24ed19", [tag: "rabbitmq-3.0.2"]},
  "ranch": {:git, "git://github.com/extend/ranch.git", "5df1f222f94e08abdcab7084f5e13027143cc222", [ref: "0.9.0"]},
  "timex": {:git, "git://github.com/bitwalker/timex.git", "7f9398da05a9c29ad5129effe4fee20cabfe6a75", []},
  "tirexs": {:git, "git://github.com/manastech/tirexs.git", "bbbaef8871ff11e91c69c0aebc30eceee5aad1e3", [branch: "master"]},
  "uuid": {:git, "git://github.com/avtobiff/erlang-uuid.git", "9cfe9666f1787d27550495c9c9cfa0297d861252", []}}
